
Microsoft Visual Studio Solution File, Format Version 12.00
# Visual Studio Version 17
VisualStudioVersion = 17.1.32421.90
MinimumVisualStudioVersion = 10.0.40219.1
Project("{FAE04EC0-301F-11D3-BF4B-00C04F79EFBC}") = "registro-de-ventas", "registro-de-ventas\registro-de-ventas.csproj", "{AAC6DE27-BF02-4EBF-9927-29BDEF4C1674}"
EndProject
Global
	GlobalSection(SolutionConfigurationPlatforms) = preSolution
		Debug|Any CPU = Debug|Any CPU
		Release|Any CPU = Release|Any CPU
	EndGlobalSection
	GlobalSection(ProjectConfigurationPlatforms) = postSolution
		{AAC6DE27-BF02-4EBF-9927-29BDEF4C1674}.Debug|Any CPU.ActiveCfg = Debug|Any CPU
		{AAC6DE27-BF02-4EBF-9927-29BDEF4C1674}.Debug|Any CPU.Build.0 = Debug|Any CPU
		{AAC6DE27-BF02-4EBF-9927-29BDEF4C1674}.Release|Any CPU.ActiveCfg = Release|Any CPU
		{AAC6DE27-BF02-4EBF-9927-29BDEF4C1674}.Release|Any CPU.Build.0 = Release|Any CPU
	EndGlobalSection
	GlobalSection(SolutionProperties) = preSolution
		HideSolutionNode = FALSE
	EndGlobalSection
	GlobalSection(ExtensibilityGlobals) = postSolution
		SolutionGuid = {766EC26C-67B7-44B9-8099-951EF6547F14}
	EndGlobalSection
EndGlobal
